
Microsoft Visual Studio Solution File, Format Version 12.00
# Visual Studio Version 17
VisualStudioVersion = 17.0.31903.59
MinimumVisualStudioVersion = 10.0.40219.1
Project("{FAE04EC0-301F-11D3-BF4B-00C04F79EFBC}") = "Klinkby.CleanFn.Abstractions", "src\Klinkby.CleanFn.Abstractions\Klinkby.CleanFn.Abstractions.csproj", "{F79D2704-D344-4B6D-A847-D44C63711FB3}"
EndProject
Project("{2150E333-8FDC-42A3-9474-1A3956D46DE8}") = "Solution Items", "Solution Items", "{9B686F33-9D96-45FA-A0DE-2B393F8B6C75}"
	ProjectSection(SolutionItems) = preProject
		README.md = README.md
		src\Directory.Build.props = Directory.Build.props
		src\Directory.Build.targets = Directory.Build.targets
		global.json = global.json
		src\Directory.Build.props = src\Directory.Build.props
		.gitignore = .gitignore
	EndProjectSection
EndProject
Project("{FAE04EC0-301F-11D3-BF4B-00C04F79EFBC}") = "Klinkby.CleanFn.Core", "src\Klinkby.CleanFn.Core\Klinkby.CleanFn.Core.csproj", "{A08D1CAB-0BBA-4654-A13F-2AD027D3B9A9}"
EndProject
Global
	GlobalSection(SolutionConfigurationPlatforms) = preSolution
		Debug|Any CPU = Debug|Any CPU
		Release|Any CPU = Release|Any CPU
	EndGlobalSection
	GlobalSection(SolutionProperties) = preSolution
		HideSolutionNode = FALSE
	EndGlobalSection
	GlobalSection(ProjectConfigurationPlatforms) = postSolution
		{F79D2704-D344-4B6D-A847-D44C63711FB3}.Debug|Any CPU.ActiveCfg = Debug|Any CPU
		{F79D2704-D344-4B6D-A847-D44C63711FB3}.Debug|Any CPU.Build.0 = Debug|Any CPU
		{F79D2704-D344-4B6D-A847-D44C63711FB3}.Release|Any CPU.ActiveCfg = Release|Any CPU
		{F79D2704-D344-4B6D-A847-D44C63711FB3}.Release|Any CPU.Build.0 = Release|Any CPU
		{A08D1CAB-0BBA-4654-A13F-2AD027D3B9A9}.Debug|Any CPU.ActiveCfg = Debug|Any CPU
		{A08D1CAB-0BBA-4654-A13F-2AD027D3B9A9}.Debug|Any CPU.Build.0 = Debug|Any CPU
		{A08D1CAB-0BBA-4654-A13F-2AD027D3B9A9}.Release|Any CPU.ActiveCfg = Release|Any CPU
		{A08D1CAB-0BBA-4654-A13F-2AD027D3B9A9}.Release|Any CPU.Build.0 = Release|Any CPU
	EndGlobalSection
	GlobalSection(NestedProjects) = preSolution
	EndGlobalSection
EndGlobal
